
Microsoft Visual Studio Solution File, Format Version 12.00
# Visual Studio Version 17
VisualStudioVersion = 17.10.35004.147
MinimumVisualStudioVersion = 10.0.40219.1
Project("{FAE04EC0-301F-11D3-BF4B-00C04F79EFBC}") = "milliomos", "milliomos\milliomos.csproj", "{851F1034-6FDC-48D1-8C3B-B08AADD50B9B}"
EndProject
Global
	GlobalSection(SolutionConfigurationPlatforms) = preSolution
		Debug|Any CPU = Debug|Any CPU
		Release|Any CPU = Release|Any CPU
	EndGlobalSection
	GlobalSection(ProjectConfigurationPlatforms) = postSolution
		{851F1034-6FDC-48D1-8C3B-B08AADD50B9B}.Debug|Any CPU.ActiveCfg = Debug|Any CPU
		{851F1034-6FDC-48D1-8C3B-B08AADD50B9B}.Debug|Any CPU.Build.0 = Debug|Any CPU
		{851F1034-6FDC-48D1-8C3B-B08AADD50B9B}.Release|Any CPU.ActiveCfg = Release|Any CPU
		{851F1034-6FDC-48D1-8C3B-B08AADD50B9B}.Release|Any CPU.Build.0 = Release|Any CPU
	EndGlobalSection
	GlobalSection(SolutionProperties) = preSolution
		HideSolutionNode = FALSE
	EndGlobalSection
	GlobalSection(ExtensibilityGlobals) = postSolution
		SolutionGuid = {78EAE242-5DE9-4B7A-9793-9E547AB5A3AF}
	EndGlobalSection
EndGlobal
